
Microsoft Visual Studio Solution File, Format Version 12.00
# Visual Studio 15
VisualStudioVersion = 15.0.28010.2050
MinimumVisualStudioVersion = 10.0.40219.1
Project("{FAE04EC0-301F-11D3-BF4B-00C04F79EFBC}") = "flower", "flower\flower.csproj", "{E5B1A77C-674C-4A84-8FDE-21B85B01B296}"
EndProject
Global
	GlobalSection(SolutionConfigurationPlatforms) = preSolution
		Debug|Any CPU = Debug|Any CPU
		Release|Any CPU = Release|Any CPU
	EndGlobalSection
	GlobalSection(ProjectConfigurationPlatforms) = postSolution
		{E5B1A77C-674C-4A84-8FDE-21B85B01B296}.Debug|Any CPU.ActiveCfg = Debug|Any CPU
		{E5B1A77C-674C-4A84-8FDE-21B85B01B296}.Debug|Any CPU.Build.0 = Debug|Any CPU
		{E5B1A77C-674C-4A84-8FDE-21B85B01B296}.Release|Any CPU.ActiveCfg = Release|Any CPU
		{E5B1A77C-674C-4A84-8FDE-21B85B01B296}.Release|Any CPU.Build.0 = Release|Any CPU
	EndGlobalSection
	GlobalSection(SolutionProperties) = preSolution
		HideSolutionNode = FALSE
	EndGlobalSection
	GlobalSection(ExtensibilityGlobals) = postSolution
		SolutionGuid = {2E2A3533-E5A0-4E23-87FD-7D2E0E80CC62}
	EndGlobalSection
EndGlobal
